
Microsoft Visual Studio Solution File, Format Version 12.00
# Visual Studio 15
VisualStudioVersion = 15.0.27130.2010
MinimumVisualStudioVersion = 10.0.40219.1
Project("{2150E333-8FDC-42A3-9474-1A3956D46DE8}") = "Solution Items", "Solution Items", "{78BFB9C6-FBFE-4986-8210-E8BE458EE428}"
	ProjectSection(SolutionItems) = preProject
		dropDown.css = dropDown.css
		Index.html = Index.html
	EndProjectSection
EndProject
Global
	GlobalSection(SolutionProperties) = preSolution
		HideSolutionNode = FALSE
	EndGlobalSection
	GlobalSection(ExtensibilityGlobals) = postSolution
		SolutionGuid = {CEA8B2BF-2B92-4CE5-9687-687787286491}
	EndGlobalSection
EndGlobal
