
Microsoft Visual Studio Solution File, Format Version 12.00
# Visual Studio 15
VisualStudioVersion = 15.0.27130.2010
MinimumVisualStudioVersion = 10.0.40219.1
Project("{2150E333-8FDC-42A3-9474-1A3956D46DE8}") = "Solution Items", "Solution Items", "{78BFB9C6-FBFE-4986-8210-E8BE458EE428}"
EndProject
Project("{FAE04EC0-301F-11D3-BF4B-00C04F79EFBC}") = "WebApplication1", "WebApplication1\WebApplication1.csproj", "{34AAF9AF-B0FD-4354-B283-5BC918F7D991}"
EndProject
Project("{FAE04EC0-301F-11D3-BF4B-00C04F79EFBC}") = "WebApplication1.Tests", "WebApplication1.Tests\WebApplication1.Tests.csproj", "{52364646-F556-4930-95AB-B397D2D9E4CD}"
EndProject
Global
	GlobalSection(SolutionConfigurationPlatforms) = preSolution
		Debug|Any CPU = Debug|Any CPU
		Release|Any CPU = Release|Any CPU
	EndGlobalSection
	GlobalSection(ProjectConfigurationPlatforms) = postSolution
		{34AAF9AF-B0FD-4354-B283-5BC918F7D991}.Debug|Any CPU.ActiveCfg = Debug|Any CPU
		{34AAF9AF-B0FD-4354-B283-5BC918F7D991}.Debug|Any CPU.Build.0 = Debug|Any CPU
		{34AAF9AF-B0FD-4354-B283-5BC918F7D991}.Release|Any CPU.ActiveCfg = Release|Any CPU
		{34AAF9AF-B0FD-4354-B283-5BC918F7D991}.Release|Any CPU.Build.0 = Release|Any CPU
		{52364646-F556-4930-95AB-B397D2D9E4CD}.Debug|Any CPU.ActiveCfg = Debug|Any CPU
		{52364646-F556-4930-95AB-B397D2D9E4CD}.Debug|Any CPU.Build.0 = Debug|Any CPU
		{52364646-F556-4930-95AB-B397D2D9E4CD}.Release|Any CPU.ActiveCfg = Release|Any CPU
		{52364646-F556-4930-95AB-B397D2D9E4CD}.Release|Any CPU.Build.0 = Release|Any CPU
	EndGlobalSection
	GlobalSection(SolutionProperties) = preSolution
		HideSolutionNode = FALSE
	EndGlobalSection
	GlobalSection(ExtensibilityGlobals) = postSolution
		SolutionGuid = {CEA8B2BF-2B92-4CE5-9687-687787286491}
	EndGlobalSection
EndGlobal
